
Microsoft Visual Studio Solution File, Format Version 12.00
# Visual Studio Version 16
VisualStudioVersion = 16.0.29009.5
MinimumVisualStudioVersion = 10.0.40219.1
Project("{FAE04EC0-301F-11D3-BF4B-00C04F79EFBC}") = "SuccessfulSignIn", "SuccessfulSignIn\SuccessfulSignIn.csproj", "{F588E8A5-BD54-4E82-82B9-719428715832}"
EndProject
Global
	GlobalSection(SolutionConfigurationPlatforms) = preSolution
		Debug|Any CPU = Debug|Any CPU
		Release|Any CPU = Release|Any CPU
	EndGlobalSection
	GlobalSection(ProjectConfigurationPlatforms) = postSolution
		{F588E8A5-BD54-4E82-82B9-719428715832}.Debug|Any CPU.ActiveCfg = Debug|Any CPU
		{F588E8A5-BD54-4E82-82B9-719428715832}.Debug|Any CPU.Build.0 = Debug|Any CPU
		{F588E8A5-BD54-4E82-82B9-719428715832}.Release|Any CPU.ActiveCfg = Release|Any CPU
		{F588E8A5-BD54-4E82-82B9-719428715832}.Release|Any CPU.Build.0 = Release|Any CPU
	EndGlobalSection
	GlobalSection(SolutionProperties) = preSolution
		HideSolutionNode = FALSE
	EndGlobalSection
	GlobalSection(ExtensibilityGlobals) = postSolution
		SolutionGuid = {FAF8B201-3DB1-4083-B9D8-24AF089E4C76}
	EndGlobalSection
EndGlobal
